
Microsoft Visual Studio Solution File, Format Version 12.00
# Visual Studio 15
VisualStudioVersion = 15.0.27130.2010
MinimumVisualStudioVersion = 10.0.40219.1
Project("{FAE04EC0-301F-11D3-BF4B-00C04F79EFBC}") = "ProyectoMercados", "ProyectoMercados\ProyectoMercados.csproj", "{CCB19557-C97E-478A-9044-C4FC03FB2559}"
EndProject
Global
	GlobalSection(SolutionConfigurationPlatforms) = preSolution
		Debug|Any CPU = Debug|Any CPU
		Release|Any CPU = Release|Any CPU
	EndGlobalSection
	GlobalSection(ProjectConfigurationPlatforms) = postSolution
		{CCB19557-C97E-478A-9044-C4FC03FB2559}.Debug|Any CPU.ActiveCfg = Debug|Any CPU
		{CCB19557-C97E-478A-9044-C4FC03FB2559}.Debug|Any CPU.Build.0 = Debug|Any CPU
		{CCB19557-C97E-478A-9044-C4FC03FB2559}.Release|Any CPU.ActiveCfg = Release|Any CPU
		{CCB19557-C97E-478A-9044-C4FC03FB2559}.Release|Any CPU.Build.0 = Release|Any CPU
	EndGlobalSection
	GlobalSection(SolutionProperties) = preSolution
		HideSolutionNode = FALSE
	EndGlobalSection
	GlobalSection(ExtensibilityGlobals) = postSolution
		SolutionGuid = {D348A203-45D7-4A84-B30F-7F6E9D22542D}
	EndGlobalSection
EndGlobal
